
Microsoft Visual Studio Solution File, Format Version 12.00
# Visual Studio Version 16
VisualStudioVersion = 16.0.29424.173
MinimumVisualStudioVersion = 10.0.40219.1
Project("{FAE04EC0-301F-11D3-BF4B-00C04F79EFBC}") = "project4-2", "project4-2\project4-2.csproj", "{B3728169-C482-4A38-B734-CD9EEC88CA6D}"
EndProject
Global
	GlobalSection(SolutionConfigurationPlatforms) = preSolution
		Debug|Any CPU = Debug|Any CPU
		Release|Any CPU = Release|Any CPU
	EndGlobalSection
	GlobalSection(ProjectConfigurationPlatforms) = postSolution
		{B3728169-C482-4A38-B734-CD9EEC88CA6D}.Debug|Any CPU.ActiveCfg = Debug|Any CPU
		{B3728169-C482-4A38-B734-CD9EEC88CA6D}.Debug|Any CPU.Build.0 = Debug|Any CPU
		{B3728169-C482-4A38-B734-CD9EEC88CA6D}.Release|Any CPU.ActiveCfg = Release|Any CPU
		{B3728169-C482-4A38-B734-CD9EEC88CA6D}.Release|Any CPU.Build.0 = Release|Any CPU
	EndGlobalSection
	GlobalSection(SolutionProperties) = preSolution
		HideSolutionNode = FALSE
	EndGlobalSection
	GlobalSection(ExtensibilityGlobals) = postSolution
		SolutionGuid = {F7299433-7725-43A8-A3F1-039E4C3CC461}
	EndGlobalSection
EndGlobal
